dependencies:
- name: memcached
  repository: oci://registry-1.docker.io/cloudpirates
  version: 0.14.2
- name: mariadb
  repository: oci://registry-1.docker.io/cloudpirates
  version: 0.16.6
digest: sha256:3ee19953e06b4ea82fd6b522efbdf39766729050d934b97553611ee4ac4d4101
generated: "2026-07-26T01:46:21.9349706+02:00"
